{
  "version": 4,
  "terraform_version": "1.13.4",
  "serial": 52,
  "lineage": "419684e4-da9d-31ec-48f6-54661f9049b2",
  "outputs": {
    "alb_dns_name": {
      "value": "webhooks-alb-1071124223.us-east-1.elb.amazonaws.com",
      "type": "string"
    },
    "alb_security_group_id": {
      "value": "sg-05213a61eca187791",
      "type": "string"
    },
    "alb_zone_id": {
      "value": "Z35SXDOTRQ7X7K",
      "type": "string"
    },
    "ecr_repository_url": {
      "value": "045170075239.dkr.ecr.us-east-1.amazonaws.com/webhooks-repo",
      "type": "string"
    },
    "ecs_cluster_name": {
      "value": "webhooks-cluster",
      "type": "string"
    },
    "ecs_security_group_id": {
      "value": "sg-0c9594f84f57c6602",
      "type": "string"
    },
    "ecs_service_name": {
      "value": "webhook-service",
      "type": "string"
    },
    "subnet_ids": {
      "value": [
        "subnet-3600c739",
        "subnet-dbd4abf4",
        "subnet-420e4a7d",
        "subnet-7b555230",
        "subnet-1e93bd7a",
        "subnet-d88ffc85"
      ],
      "type": [
        "list",
        "string"
      ]
    },
    "url": {
      "value": "https://webhooks-alb-1071124223.us-east-1.elb.amazonaws.com",
      "type": "string"
    },
    "vpc_id": {
      "value": "vpc-7f21c204",
      "type": "string"
    }
  },
  "resources": [
    {
      "mode": "data",
      "type": "aws_availability_zones",
      "name": "available",
      "provider": "provider[\"registry.terraform.io/hashicorp/aws\"]",
      "instances": [
        {
          "schema_version": 0,
          "attributes": {
            "all_availability_zones": null,
            "exclude_names": null,
            "exclude_zone_ids": null,
            "filter": null,
            "group_names": [
              "us-east-1-zg-1"
            ],
            "id": "us-east-1",
            "names": [
              "us-east-1a",
              "us-east-1b",
              "us-east-1c",
              "us-east-1d",
              "us-east-1e",
              "us-east-1f"
            ],
            "state": "available",
            "timeouts": null,
            "zone_ids": [
              "use1-az2",
              "use1-az4",
              "use1-az6",
              "use1-az1",
              "use1-az3",
              "use1-az5"
            ]
          },
          "sensitive_attributes": [],
          "identity_schema_version": 0
        }
      ]
    },
    {
      "mode": "data",
      "type": "aws_caller_identity",
      "name": "current",
      "provider": "provider[\"registry.terraform.io/hashicorp/aws\"]",
      "instances": [
        {
          "schema_version": 0,
          "attributes": {
            "account_id": "045170075239",
            "arn": "arn:aws:iam::045170075239:user/pulumi",
            "id": "045170075239",
            "user_id": "AIDAQVBCYUZT22FRFKKWI"
          },
          "sensitive_attributes": [],
          "identity_schema_version": 0
        }
      ]
    },
    {
      "mode": "data",
      "type": "aws_ecr_authorization_token",
      "name": "token",
      "provider": "provider[\"registry.terraform.io/hashicorp/aws\"]",
      "instances": [
        {
          "schema_version": 0,
          "attributes": {
            "authorization_token": "QVdTOmV5SndZWGxzYjJGa0lqb2lOVU5JWTBGNmVqVmxaSFJFVUhsQmJVTjZRV3g2V21Kd2JucDNUbWQ0T0dOUmFIQktSMEYxYTBNclFreHNkV2Q0YjJWcU5VVlVRMEZrV1V0NlZYcFNaa2xVZW1kUldVNVhWU3RRVFhVNFQzWjBlVzB6Tm13eFpHWnJjVE5IWWtOelVVd3ZlVEZ3UmpZMllqbGtLMDlZUVhOMVNtUjRPV0pZU0RndmVFTnFiVGx2Ulc5bU5qZG1NWE40TjJGMVZYUkNNek5qV2xsUlpsQjRObWNyY0VsWlZGSkxRakUxZERacFYycEtiRzVVUVhVelMwMHpMMFZxT0RNcmVrUk5TVkZRV2pCeVMwWnBUeTlNZHpkM1pWZFFlVU5zWVZvMVQxazBWV2xsTWtOQlZHVlJWRVpNU1hFd2RXMTZOVUZSVG1sT1oyUjVUMWxxV0VseFZWaGtNbk41YzJoRVJsaHdaWGR5VlVremIydzVRM1puVVdOcVVUWlBhekJHVTBkd2IyOU9SSFIwWjFCa1lUaHZUM2xKUjNwNWFVSlVWRGt5VkZKaVR6bDVZbUo2Y0ZKRE5WUlRlU3RTUzI4NFJua3ZUalkyYmlzM1dTdE1ObkZzWXk5M1YyaDNOR1JhVEM5cE5rbG9VakozY25KWVQzRkRRMnQ1TjJGNGRsSk1LMVZXTWpOSFJIQkdSRVJpWkhWeWQyUmhlSEJSY2xCbVpITXZZVEZ5YTNRMlRtRTNiMmQzWVVwNGJVRkxXV051UTNsTGMyVkZTVVpOVTBwTmNrMVRVWGhaYVdSR1lrSkdNMWRuVEdOdE4ycFVWVEoxYVhZMVR6TjFWRUZUU1hFd2JFcEROaXR1V21wcFFsWkZXVkZvWmxNeGRFZE5UWEV2Vkhad1owUmFka0pZVWt3Mk4xYzJjMkkzYVc1SmFUbHFZVFZFYUZsTVJYbzFWVVJFU3poU1pVdHVPSGN2VkZWSVdGcDFUbUZUWW5GR1lsaDJWelZJT1dGRGEzaFlVMFJsV25oNlJsUkRVblJZVURWclVUY3dkRlEzZUd0VlFVNTRZVk0wV0haSkswYzNXRmx3UTJod1dtVTNhMlpuTjJ4V1p6ZFpiRFV4VG5VeGFuWnNOa00wWmtZd2FGY3dkSE5NV1dkRGRHNXRXbmg0ZERaR1lWRk1lVFUyTVc1UE1VTTVSRFpVVXpSV1pUTjNXbUpYVm14c0x6Tm1VaTlhU2xSVE1ESmxUSGxLV1ZaeWNGQjBkVlJLV1Vwak5HZHhieTkzUjJaMWIyTTNiRTFWZGxaQlowTndaRk5vZFVwaVNscENMMnhRUWtGQ09HZ3JNM1ZMUTJOamVYTlRkRXMzT0doUmJrSkZhRGhyWkcxQlFWWjJkRmM0T1hjclVrOWhVMmxFVVhndkwxWXdSbEpIV0dzdk9HeGtabVl3TjJGRFJpdHJiV3B4WTIwMGMyRnRhVzEwV1VGQk9IVjZhbWxKWkVGa01XUk5Za0pSU0RGM1kyOVVUelZOTTFkU01FNDVhREJtVW5GelZqZzFlWGxZTjFkUk5EUlhXbWQ2VDBRNWRrdElibEo2VGtKU1pVTnBSMWh2VldvMlNVcGFhVGhFUmxaUVowNDBlRWh3Tms4MVZscEtPR0ZoY0dKNlRUTjRVSGg1Y0hkSE9YUk5RaTl4VjNwa1EydE5SVkJLTURkQmRYcDJkbkZuVG1kVlExVXdVRXd5WWpCdE0xVkxkbWw0ZEhnNGNqUjVPV0pTUkUxNmFtaFZielZ0TVdwc1QwZDZjbEZvTm1vdk1HNDRZakkxWTFwWUsxUTVRMUpJUjBoeGJVa3dkelUzYTJGeWNrYzFXU0lzSW1SaGRHRnJaWGtpT2lKQlVVVkNRVWhvZDIwd1dXRkpVMHBsVW5SS2JUVnVNVWMyZFhGbFpXdFlkVzlZV0ZCbE5WVkdZMlU1VW5FNEx6RTBkMEZCUVVnMGQyWkJXVXBMYjFwSmFIWmpUa0ZSWTBkdlJ6aDNZbEZKUWtGRVFtOUNaMnR4YUd0cFJ6bDNNRUpDZDBWM1NHZFpTbGxKV2tsQlYxVkVRa0ZGZFUxQ1JVVkVSM2h3WkZKMGMwNVVhRXd5WXpVcmFIZEpRa1ZKUVRkTFpuRmFOVGQxVVVod1NqSTVabEZMWjAwd05YWmxaU3QwUmpkdVpIQjZRMHBDT1hKb1QybHVWMDQwTlcxTVUwc3llWGN5UzB4dU5taDNhRXRCWXpZclZIZFRRM3BKTkc5NFpXY3hVVlpWUFNJc0luWmxjbk5wYjI0aU9pSXlJaXdpZEhsd1pTSTZJa1JCVkVGZlMwVlpJaXdpWlhod2FYSmhkR2x2YmlJNk1UYzJNakUxTlRRME5uMD0=",
            "expires_at": "2025-11-03T07:37:26Z",
            "id": "us-east-1",
            "password": "eyJwYXlsb2FkIjoiNUNIY0F6ejVlZHREUHlBbUN6QWx6WmJwbnp3Tmd4OGNRaHBKR0F1a0MrQkxsdWd4b2VqNUVUQ0FkWUt6VXpSZklUemdRWU5XVStQTXU4T3Z0eW0zNmwxZGZrcTNHYkNzUUwveTFwRjY2YjlkK09YQXN1SmR4OWJYSDgveENqbTlvRW9mNjdmMXN4N2F1VXRCMzNjWllRZlB4NmcrcElZVFJLQjE1dDZpV2pKbG5UQXUzS00zL0VqODMrekRNSVFQWjByS0ZpTy9Mdzd3ZVdQeUNsYVo1T1k0VWllMkNBVGVRVEZMSXEwdW16NUFRTmlOZ2R5T1lqWElxVVhkMnN5c2hERlhwZXdyVUkzb2w5Q3ZnUWNqUTZPazBGU0dwb29ORHR0Z1BkYThvT3lJR3p5aUJUVDkyVFJiTzl5YmJ6cFJDNVRTeStSS284RnkvTjY2bis3WStMNnFsYy93V2h3NGRaTC9pNkloUjJ3cnJYT3FDQ2t5N2F4dlJMK1VWMjNHRHBGRERiZHVyd2RheHBRclBmZHMvYTFya3Q2TmE3b2d3YUp4bUFLWWNuQ3lLc2VFSUZNU0pNck1TUXhZaWRGYkJGM1dnTGNtN2pUVTJ1aXY1TzN1VEFTSXEwbEpDNituWmppQlZFWVFoZlMxdEdNTXEvVHZwZ0RadkJYUkw2N1c2c2I3aW5JaTlqYTVEaFlMRXo1VURESzhSZUtuOHcvVFVIWFp1TmFTYnFGYlh2VzVIOWFDa3hYU0RlWnh6RlRDUnRYUDVrUTcwdFQ3eGtVQU54YVM0WHZJK0c3WFlwQ2hwWmU3a2ZnN2xWZzdZbDUxTnUxanZsNkM0ZkYwaFcwdHNMWWdDdG5tWnh4dDZGYVFMeTU2MW5PMUM5RDZUUzRWZTN3WmJXVmxsLzNmUi9aSlRTMDJlTHlKWVZycFB0dVRKWUpjNGdxby93R2Z1b2M3bE1VdlZBZ0NwZFNodUpiSlpCL2xQQkFCOGgrM3VLQ2NjeXNTdEs3OGhRbkJFaDhrZG1BQVZ2dFc4OXcrUk9hU2lEUXgvL1YwRlJHWGsvOGxkZmYwN2FDRitrbWpxY200c2FtaW10WUFBOHV6amlJZEFkMWRNYkJRSDF3Y29UTzVNM1dSME45aDBmUnFzVjg1eXlYN1dRNDRXWmd6T0Q5dktIblJ6TkJSZUNpR1hvVWo2SUpaaThERlZQZ040eEhwNk81VlpKOGFhcGJ6TTN4UHh5cHdHOXRNQi9xV3pkQ2tNRVBKMDdBdXp2dnFnTmdVQ1UwUEwyYjBtM1VLdml4dHg4cjR5OWJSRE16amhVbzVtMWpsT0d6clFoNmovMG44YjI1Y1pYK1Q5Q1JIR0hxbUkwdzU3a2Fyckc1WSIsImRhdGFrZXkiOiJBUUVCQUhod20wWWFJU0plUnRKbTVuMUc2dXFlZWtYdW9YWFBlNVVGY2U5UnE4LzE0d0FBQUg0d2ZBWUpLb1pJaHZjTkFRY0dvRzh3YlFJQkFEQm9CZ2txaGtpRzl3MEJCd0V3SGdZSllJWklBV1VEQkFFdU1CRUVER3hwZFJ0c05UaEwyYzUraHdJQkVJQTdLZnFaNTd1UUhwSjI5ZlFLZ00wNXZlZSt0RjduZHB6Q0pCOXJoT2luV040NW1MU0syeXcyS0xuNmh3aEtBYzYrVHdTQ3pJNG94ZWcxUVZVPSIsInZlcnNpb24iOiIyIiwidHlwZSI6IkRBVEFfS0VZIiwiZXhwaXJhdGlvbiI6MTc2MjE1NTQ0Nn0=",
            "proxy_endpoint": "https://045170075239.dkr.ecr.us-east-1.amazonaws.com",
            "registry_id": null,
            "user_name": "AWS"
          },
          "sensitive_attributes": [
            [
              {
                "type": "get_attr",
                "value": "authorization_token"
              }
            ],
            [
              {
                "type": "get_attr",
                "value": "password"
              }
            ]
          ],
          "identity_schema_version": 0
        }
      ]
    },
    {
      "mode": "data",
      "type": "aws_subnet",
      "name": "default",
      "provider": "provider[\"registry.terraform.io/hashicorp/aws\"]",
      "instances": [
        {
          "index_key": "subnet-1e93bd7a",
          "schema_version": 0,
          "attributes": {
            "arn": "arn:aws:ec2:us-east-1:045170075239:subnet/subnet-1e93bd7a",
            "assign_ipv6_address_on_creation": false,
            "availability_zone": "us-east-1d",
            "availability_zone_id": "use1-az1",
            "available_ip_address_count": 4086,
            "cidr_block": "172.31.0.0/20",
            "customer_owned_ipv4_pool": "",
            "default_for_az": true,
            "enable_dns64": false,
            "enable_lni_at_device_index": 0,
            "enable_resource_name_dns_a_record_on_launch": false,
            "enable_resource_name_dns_aaaa_record_on_launch": false,
            "filter": null,
            "id": "subnet-1e93bd7a",
            "ipv6_cidr_block": "",
            "ipv6_cidr_block_association_id": "",
            "ipv6_native": false,
            "map_customer_owned_ip_on_launch": false,
            "map_public_ip_on_launch": true,
            "outpost_arn": "",
            "owner_id": "045170075239",
            "private_dns_hostname_type_on_launch": "ip-name",
            "state": "available",
            "tags": {},
            "timeouts": null,
            "vpc_id": "vpc-7f21c204"
          },
          "sensitive_attributes": [],
          "identity_schema_version": 0
        },
        {
          "index_key": "subnet-3600c739",
          "schema_version": 0,
          "attributes": {
            "arn": "arn:aws:ec2:us-east-1:045170075239:subnet/subnet-3600c739",
            "assign_ipv6_address_on_creation": false,
            "availability_zone": "us-east-1f",
            "availability_zone_id": "use1-az5",
            "available_ip_address_count": 4086,
            "cidr_block": "172.31.48.0/20",
            "customer_owned_ipv4_pool": "",
            "default_for_az": true,
            "enable_dns64": false,
            "enable_lni_at_device_index": 0,
            "enable_resource_name_dns_a_record_on_launch": false,
            "enable_resource_name_dns_aaaa_record_on_launch": false,
            "filter": null,
            "id": "subnet-3600c739",
            "ipv6_cidr_block": "",
            "ipv6_cidr_block_association_id": "",
            "ipv6_native": false,
            "map_customer_owned_ip_on_launch": false,
            "map_public_ip_on_launch": true,
            "outpost_arn": "",
            "owner_id": "045170075239",
            "private_dns_hostname_type_on_launch": "ip-name",
            "state": "available",
            "tags": {},
            "timeouts": null,
            "vpc_id": "vpc-7f21c204"
          },
          "sensitive_attributes": [],
          "identity_schema_version": 0
        },
        {
          "index_key": "subnet-420e4a7d",
          "schema_version": 0,
          "attributes": {
            "arn": "arn:aws:ec2:us-east-1:045170075239:subnet/subnet-420e4a7d",
            "assign_ipv6_address_on_creation": false,
            "availability_zone": "us-east-1e",
            "availability_zone_id": "use1-az3",
            "available_ip_address_count": 4090,
            "cidr_block": "172.31.64.0/20",
            "customer_owned_ipv4_pool": "",
            "default_for_az": true,
            "enable_dns64": false,
            "enable_lni_at_device_index": 0,
            "enable_resource_name_dns_a_record_on_launch": false,
            "enable_resource_name_dns_aaaa_record_on_launch": false,
            "filter": null,
            "id": "subnet-420e4a7d",
            "ipv6_cidr_block": "",
            "ipv6_cidr_block_association_id": "",
            "ipv6_native": false,
            "map_customer_owned_ip_on_launch": false,
            "map_public_ip_on_launch": true,
            "outpost_arn": "",
            "owner_id": "045170075239",
            "private_dns_hostname_type_on_launch": "ip-name",
            "state": "available",
            "tags": {},
            "timeouts": null,
            "vpc_id": "vpc-7f21c204"
          },
          "sensitive_attributes": [],
          "identity_schema_version": 0
        },
        {
          "index_key": "subnet-7b555230",
          "schema_version": 0,
          "attributes": {
            "arn": "arn:aws:ec2:us-east-1:045170075239:subnet/subnet-7b555230",
            "assign_ipv6_address_on_creation": false,
            "availability_zone": "us-east-1b",
            "availability_zone_id": "use1-az4",
            "available_ip_address_count": 4088,
            "cidr_block": "172.31.16.0/20",
            "customer_owned_ipv4_pool": "",
            "default_for_az": true,
            "enable_dns64": false,
            "enable_lni_at_device_index": 0,
            "enable_resource_name_dns_a_record_on_launch": false,
            "enable_resource_name_dns_aaaa_record_on_launch": false,
            "filter": null,
            "id": "subnet-7b555230",
            "ipv6_cidr_block": "",
            "ipv6_cidr_block_association_id": "",
            "ipv6_native": false,
            "map_customer_owned_ip_on_launch": false,
            "map_public_ip_on_launch": true,
            "outpost_arn": "",
            "owner_id": "045170075239",
            "private_dns_hostname_type_on_launch": "ip-name",
            "state": "available",
            "tags": {},
            "timeouts": null,
            "vpc_id": "vpc-7f21c204"
          },
          "sensitive_attributes": [],
          "identity_schema_version": 0
        },
        {
          "index_key": "subnet-d88ffc85",
          "schema_version": 0,
          "attributes": {
            "arn": "arn:aws:ec2:us-east-1:045170075239:subnet/subnet-d88ffc85",
            "assign_ipv6_address_on_creation": false,
            "availability_zone": "us-east-1c",
            "availability_zone_id": "use1-az6",
            "available_ip_address_count": 4087,
            "cidr_block": "172.31.32.0/20",
            "customer_owned_ipv4_pool": "",
            "default_for_az": true,
            "enable_dns64": false,
            "enable_lni_at_device_index": 0,
            "enable_resource_name_dns_a_record_on_launch": false,
            "enable_resource_name_dns_aaaa_record_on_launch": false,
            "filter": null,
            "id": "subnet-d88ffc85",
            "ipv6_cidr_block": "",
            "ipv6_cidr_block_association_id": "",
            "ipv6_native": false,
            "map_customer_owned_ip_on_launch": false,
            "map_public_ip_on_launch": true,
            "outpost_arn": "",
            "owner_id": "045170075239",
            "private_dns_hostname_type_on_launch": "ip-name",
            "state": "available",
            "tags": {},
            "timeouts": null,
            "vpc_id": "vpc-7f21c204"
          },
          "sensitive_attributes": [],
          "identity_schema_version": 0
        },
        {
          "index_key": "subnet-dbd4abf4",
          "schema_version": 0,
          "attributes": {
            "arn": "arn:aws:ec2:us-east-1:045170075239:subnet/subnet-dbd4abf4",
            "assign_ipv6_address_on_creation": false,
            "availability_zone": "us-east-1a",
            "availability_zone_id": "use1-az2",
            "available_ip_address_count": 4084,
            "cidr_block": "172.31.80.0/20",
            "customer_owned_ipv4_pool": "",
            "default_for_az": true,
            "enable_dns64": false,
            "enable_lni_at_device_index": 0,
            "enable_resource_name_dns_a_record_on_launch": false,
            "enable_resource_name_dns_aaaa_record_on_launch": false,
            "filter": null,
            "id": "subnet-dbd4abf4",
            "ipv6_cidr_block": "",
            "ipv6_cidr_block_association_id": "",
            "ipv6_native": false,
            "map_customer_owned_ip_on_launch": false,
            "map_public_ip_on_launch": true,
            "outpost_arn": "",
            "owner_id": "045170075239",
            "private_dns_hostname_type_on_launch": "ip-name",
            "state": "available",
            "tags": {},
            "timeouts": null,
            "vpc_id": "vpc-7f21c204"
          },
          "sensitive_attributes": [],
          "identity_schema_version": 0
        }
      ]
    },
    {
      "mode": "data",
      "type": "aws_subnets",
      "name": "default",
      "provider": "provider[\"registry.terraform.io/hashicorp/aws\"]",
      "instances": [
        {
          "schema_version": 0,
          "attributes": {
            "filter": [
              {
                "name": "vpc-id",
                "values": [
                  "vpc-7f21c204"
                ]
              }
            ],
            "id": "us-east-1",
            "ids": [
              "subnet-3600c739",
              "subnet-dbd4abf4",
              "subnet-420e4a7d",
              "subnet-7b555230",
              "subnet-1e93bd7a",
              "subnet-d88ffc85"
            ],
            "tags": null,
            "timeouts": null
          },
          "sensitive_attributes": [],
          "identity_schema_version": 0
        }
      ]
    },
    {
      "mode": "data",
      "type": "aws_vpc",
      "name": "default",
      "provider": "provider[\"registry.terraform.io/hashicorp/aws\"]",
      "instances": [
        {
          "schema_version": 0,
          "attributes": {
            "arn": "arn:aws:ec2:us-east-1:045170075239:vpc/vpc-7f21c204",
            "cidr_block": "172.31.0.0/16",
            "cidr_block_associations": [
              {
                "association_id": "vpc-cidr-assoc-91e10cfc",
                "cidr_block": "172.31.0.0/16",
                "state": "associated"
              }
            ],
            "default": true,
            "dhcp_options_id": "dopt-10b86b68",
            "enable_dns_hostnames": true,
            "enable_dns_support": true,
            "enable_network_address_usage_metrics": false,
            "filter": null,
            "id": "vpc-7f21c204",
            "instance_tenancy": "default",
            "ipv6_association_id": "",
            "ipv6_cidr_block": "",
            "main_route_table_id": "",
            "owner_id": "045170075239",
            "state": null,
            "tags": {
              "Name": "Production RDS"
            },
            "timeouts": null
          },
          "sensitive_attributes": [],
          "identity_schema_version": 0
        }
      ]
    },
    {
      "mode": "managed",
      "type": "aws_appautoscaling_policy",
      "name": "ecs_cpu_policy",
      "provider": "provider[\"registry.terraform.io/hashicorp/aws\"]",
      "instances": [
        {
          "schema_version": 0,
          "attributes": {
            "alarm_arns": [
              "arn:aws:cloudwatch:us-east-1:045170075239:alarm:TargetTracking-service/webhooks-cluster/webhook-service-AlarmHigh-47756550-3051-4d57-b26c-ff133aeca30a",
              "arn:aws:cloudwatch:us-east-1:045170075239:alarm:TargetTracking-service/webhooks-cluster/webhook-service-AlarmLow-5b08f269-31cb-4bdc-8b65-c577cfeb6cef"
            ],
            "arn": "arn:aws:autoscaling:us-east-1:045170075239:scalingPolicy:2444693a-a817-48d9-9149-4892b4816521:resource/ecs/service/webhooks-cluster/webhook-service:policyName/webhooks-cpu-scaling",
            "id": "webhooks-cpu-scaling",
            "name": "webhooks-cpu-scaling",
            "policy_type": "TargetTrackingScaling",
            "resource_id": "service/webhooks-cluster/webhook-service",
            "scalable_dimension": "ecs:service:DesiredCount",
            "service_namespace": "ecs",
            "step_scaling_policy_configuration": [],
            "target_tracking_scaling_policy_configuration": [
              {
                "customized_metric_specification": [],
                "disable_scale_in": false,
                "predefined_metric_specification": [
                  {
                    "predefined_metric_type": "ECSServiceAverageCPUUtilization",
                    "resource_label": ""
                  }
                ],
                "scale_in_cooldown": 60,
                "scale_out_cooldown": 60,
                "target_value": 70
              }
            ]
          },
          "sensitive_attributes": [],
          "identity_schema_version": 0,
          "private": "bnVsbA==",
          "dependencies": [
            "aws_appautoscaling_target.ecs_target",
            "aws_cloudwatch_log_group.ecs",
            "aws_ecr_repository.main",
            "aws_ecs_cluster.main",
            "aws_ecs_service.app",
            "aws_ecs_task_definition.app",
            "aws_iam_role.ecs_task_execution_role",
            "aws_iam_role.ecs_task_role",
            "aws_iam_role_policy_attachment.ecs_task_execution_role_policy",
            "aws_lb.main",
            "aws_lb_listener.https",
            "aws_lb_target_group.main",
            "aws_security_group.alb",
            "aws_security_group.ecs_tasks",
            "data.aws_ecr_authorization_token.token",
            "data.aws_subnets.default",
            "data.aws_vpc.default",
            "docker_image.app",
            "docker_registry_image.app"
          ]
        }
      ]
    },
    {
      "mode": "managed",
      "type": "aws_appautoscaling_target",
      "name": "ecs_target",
      "provider": "provider[\"registry.terraform.io/hashicorp/aws\"]",
      "instances": [
        {
          "schema_version": 0,
          "attributes": {
            "arn": "arn:aws:application-autoscaling:us-east-1:045170075239:scalable-target/0ec52444693aa81748d991494892b4816521",
            "id": "service/webhooks-cluster/webhook-service",
            "max_capacity": 5,
            "min_capacity": 1,
            "resource_id": "service/webhooks-cluster/webhook-service",
            "role_arn": "arn:aws:iam::045170075239:role/aws-service-role/ecs.application-autoscaling.amazonaws.com/AWSServiceRoleForApplicationAutoScaling_ECSService",
            "scalable_dimension": "ecs:service:DesiredCount",
            "service_namespace": "ecs",
            "suspended_state": [
              {
                "dynamic_scaling_in_suspended": false,
                "dynamic_scaling_out_suspended": false,
                "scheduled_scaling_suspended": false
              }
            ],
            "tags": null,
            "tags_all": {}
          },
          "sensitive_attributes": [],
          "identity_schema_version": 0,
          "private": "bnVsbA==",
          "dependencies": [
            "aws_cloudwatch_log_group.ecs",
            "aws_ecr_repository.main",
            "aws_ecs_cluster.main",
            "aws_ecs_service.app",
            "aws_ecs_task_definition.app",
            "aws_iam_role.ecs_task_execution_role",
            "aws_iam_role.ecs_task_role",
            "aws_iam_role_policy_attachment.ecs_task_execution_role_policy",
            "aws_lb.main",
            "aws_lb_listener.https",
            "aws_lb_target_group.main",
            "aws_security_group.alb",
            "aws_security_group.ecs_tasks",
            "data.aws_ecr_authorization_token.token",
            "data.aws_subnets.default",
            "data.aws_vpc.default",
            "docker_image.app",
            "docker_registry_image.app"
          ]
        }
      ]
    },
    {
      "mode": "managed",
      "type": "aws_cloudwatch_log_group",
      "name": "ecs",
      "provider": "provider[\"registry.terraform.io/hashicorp/aws\"]",
      "instances": [
        {
          "schema_version": 0,
          "attributes": {
            "arn": "arn:aws:logs:us-east-1:045170075239:log-group:/ecs/webhooks",
            "id": "/ecs/webhooks",
            "kms_key_id": "",
            "log_group_class": "STANDARD",
            "name": "/ecs/webhooks",
            "name_prefix": "",
            "retention_in_days": 7,
            "skip_destroy": false,
            "tags": {
              "Environment": "development",
              "Name": "webhooks-logs"
            },
            "tags_all": {
              "Environment": "development",
              "Name": "webhooks-logs"
            }
          },
          "sensitive_attributes": [],
          "identity_schema_version": 0,
          "private": "bnVsbA=="
        }
      ]
    },
    {
      "mode": "managed",
      "type": "aws_ecr_repository",
      "name": "main",
      "provider": "provider[\"registry.terraform.io/hashicorp/aws\"]",
      "instances": [
        {
          "schema_version": 0,
          "attributes": {
            "arn": "arn:aws:ecr:us-east-1:045170075239:repository/webhooks-repo",
            "encryption_configuration": [
              {
                "encryption_type": "AES256",
                "kms_key": ""
              }
            ],
            "force_delete": true,
            "id": "webhooks-repo",
            "image_scanning_configuration": [
              {
                "scan_on_push": false
              }
            ],
            "image_tag_mutability": "MUTABLE",
            "name": "webhooks-repo",
            "registry_id": "045170075239",
            "repository_url": "045170075239.dkr.ecr.us-east-1.amazonaws.com/webhooks-repo",
            "tags": {
              "Environment": "development",
              "Name": "webhooks-repo"
            },
            "tags_all": {
              "Environment": "development",
              "Name": "webhooks-repo"
            },
            "timeouts": null
          },
          "sensitive_attributes": [],
          "identity_schema_version": 0,
          "private": "eyJlMmJmYjczMC1lY2FhLTExZTYtOGY4OC0zNDM2M2JjN2M0YzAiOnsiZGVsZXRlIjoxMjAwMDAwMDAwMDAwfX0="
        }
      ]
    },
    {
      "mode": "managed",
      "type": "aws_ecs_cluster",
      "name": "main",
      "provider": "provider[\"registry.terraform.io/hashicorp/aws\"]",
      "instances": [
        {
          "schema_version": 0,
          "attributes": {
            "arn": "arn:aws:ecs:us-east-1:045170075239:cluster/webhooks-cluster",
            "configuration": [],
            "id": "arn:aws:ecs:us-east-1:045170075239:cluster/webhooks-cluster",
            "name": "webhooks-cluster",
            "service_connect_defaults": [],
            "setting": [
              {
                "name": "containerInsights",
                "value": "disabled"
              }
            ],
            "tags": {
              "Environment": "development",
              "Name": "webhooks-cluster"
            },
            "tags_all": {
              "Environment": "development",
              "Name": "webhooks-cluster"
            }
          },
          "sensitive_attributes": [],
          "identity_schema_version": 0,
          "private": "bnVsbA=="
        }
      ]
    },
    {
      "mode": "managed",
      "type": "aws_ecs_service",
      "name": "app",
      "provider": "provider[\"registry.terraform.io/hashicorp/aws\"]",
      "instances": [
        {
          "schema_version": 1,
          "attributes": {
            "alarms": [],
            "availability_zone_rebalancing": "DISABLED",
            "capacity_provider_strategy": [],
            "cluster": "arn:aws:ecs:us-east-1:045170075239:cluster/webhooks-cluster",
            "deployment_circuit_breaker": [
              {
                "enable": false,
                "rollback": false
              }
            ],
            "deployment_controller": [
              {
                "type": "ECS"
              }
            ],
            "deployment_maximum_percent": 200,
            "deployment_minimum_healthy_percent": 100,
            "desired_count": 1,
            "enable_ecs_managed_tags": false,
            "enable_execute_command": false,
            "force_delete": null,
            "force_new_deployment": null,
            "health_check_grace_period_seconds": 0,
            "iam_role": "/aws-service-role/ecs.amazonaws.com/AWSServiceRoleForECS",
            "id": "arn:aws:ecs:us-east-1:045170075239:service/webhooks-cluster/webhook-service",
            "launch_type": "FARGATE",
            "load_balancer": [
              {
                "container_name": "webhooks",
                "container_port": 80,
                "elb_name": "",
                "target_group_arn": "arn:aws:elasticloadbalancing:us-east-1:045170075239:targetgroup/webhooks-tg/21ab793a29d8e53c"
              }
            ],
            "name": "webhook-service",
            "network_configuration": [
              {
                "assign_public_ip": true,
                "security_groups": [
                  "sg-0c9594f84f57c6602"
                ],
                "subnets": [
                  "subnet-1e93bd7a",
                  "subnet-3600c739",
                  "subnet-420e4a7d",
                  "subnet-7b555230",
                  "subnet-d88ffc85",
                  "subnet-dbd4abf4"
                ]
              }
            ],
            "ordered_placement_strategy": [],
            "placement_constraints": [],
            "platform_version": "LATEST",
            "propagate_tags": "NONE",
            "scheduling_strategy": "REPLICA",
            "service_connect_configuration": [],
            "service_registries": [],
            "tags": {
              "Environment": "development",
              "Name": "webhook-service"
            },
            "tags_all": {
              "Environment": "development",
              "Name": "webhook-service"
            },
            "task_definition": "arn:aws:ecs:us-east-1:045170075239:task-definition/webhooks:2",
            "timeouts": null,
            "triggers": {},
            "volume_configuration": [],
            "vpc_lattice_configurations": [],
            "wait_for_steady_state": false
          },
          "sensitive_attributes": [],
          "identity_schema_version": 0,
          "private": "eyJlMmJmYjczMC1lY2FhLTExZTYtOGY4OC0zNDM2M2JjN2M0YzAiOnsiY3JlYXRlIjoxMjAwMDAwMDAwMDAwLCJkZWxldGUiOjEyMDAwMDAwMDAwMDAsInVwZGF0ZSI6MTIwMDAwMDAwMDAwMH0sInNjaGVtYV92ZXJzaW9uIjoiMSJ9",
          "dependencies": [
            "aws_cloudwatch_log_group.ecs",
            "aws_ecr_repository.main",
            "aws_ecs_cluster.main",
            "aws_ecs_task_definition.app",
            "aws_iam_role.ecs_task_execution_role",
            "aws_iam_role.ecs_task_role",
            "aws_iam_role_policy_attachment.ecs_task_execution_role_policy",
            "aws_lb.main",
            "aws_lb_listener.https",
            "aws_lb_target_group.main",
            "aws_security_group.alb",
            "aws_security_group.ecs_tasks",
            "data.aws_ecr_authorization_token.token",
            "data.aws_subnets.default",
            "data.aws_vpc.default",
            "docker_image.app",
            "docker_registry_image.app"
          ]
        }
      ]
    },
    {
      "mode": "managed",
      "type": "aws_ecs_task_definition",
      "name": "app",
      "provider": "provider[\"registry.terraform.io/hashicorp/aws\"]",
      "instances": [
        {
          "schema_version": 1,
          "attributes": {
            "arn": "arn:aws:ecs:us-east-1:045170075239:task-definition/webhooks:2",
            "arn_without_revision": "arn:aws:ecs:us-east-1:045170075239:task-definition/webhooks",
            "container_definitions": "[{\"environment\":[],\"essential\":true,\"image\":\"045170075239.dkr.ecr.us-east-1.amazonaws.com/webhooks-repo:latest\",\"logConfiguration\":{\"logDriver\":\"awslogs\",\"options\":{\"awslogs-group\":\"/ecs/webhooks\",\"awslogs-region\":\"us-east-1\",\"awslogs-stream-prefix\":\"ecs\"}},\"mountPoints\":[],\"name\":\"webhooks\",\"portMappings\":[{\"containerPort\":80,\"hostPort\":80,\"protocol\":\"tcp\"}],\"systemControls\":[],\"volumesFrom\":[]}]",
            "cpu": "512",
            "enable_fault_injection": false,
            "ephemeral_storage": [],
            "execution_role_arn": "arn:aws:iam::045170075239:role/webhooks-ecs-task-execution-role",
            "family": "webhooks",
            "id": "webhooks",
            "inference_accelerator": [],
            "ipc_mode": "",
            "memory": "1024",
            "network_mode": "awsvpc",
            "pid_mode": "",
            "placement_constraints": [],
            "proxy_configuration": [],
            "requires_compatibilities": [
              "FARGATE"
            ],
            "revision": 2,
            "runtime_platform": [],
            "skip_destroy": false,
            "tags": {
              "Environment": "development",
              "Name": "webhooks-task"
            },
            "tags_all": {
              "Environment": "development",
              "Name": "webhooks-task"
            },
            "task_role_arn": "arn:aws:iam::045170075239:role/webhooks-ecs-task-role",
            "track_latest": false,
            "volume": []
          },
          "sensitive_attributes": [],
          "identity_schema_version": 0,
          "private": "eyJzY2hlbWFfdmVyc2lvbiI6IjEifQ==",
          "dependencies": [
            "aws_cloudwatch_log_group.ecs",
            "aws_ecr_repository.main",
            "aws_iam_role.ecs_task_execution_role",
            "aws_iam_role.ecs_task_role",
            "data.aws_ecr_authorization_token.token",
            "docker_image.app",
            "docker_registry_image.app"
          ]
        }
      ]
    },
    {
      "mode": "managed",
      "type": "aws_iam_role",
      "name": "ecs_task_execution_role",
      "provider": "provider[\"registry.terraform.io/hashicorp/aws\"]",
      "instances": [
        {
          "schema_version": 0,
          "attributes": {
            "arn": "arn:aws:iam::045170075239:role/webhooks-ecs-task-execution-role",
            "assume_role_policy": "{\"Statement\":[{\"Action\":\"sts:AssumeRole\",\"Effect\":\"Allow\",\"Principal\":{\"Service\":\"ecs-tasks.amazonaws.com\"}}],\"Version\":\"2012-10-17\"}",
            "create_date": "2025-10-30T18:51:38Z",
            "description": "",
            "force_detach_policies": false,
            "id": "webhooks-ecs-task-execution-role",
            "inline_policy": [],
            "managed_policy_arns": [
              "arn:aws:iam::aws:policy/service-role/AmazonECSTaskExecutionRolePolicy"
            ],
            "max_session_duration": 3600,
            "name": "webhooks-ecs-task-execution-role",
            "name_prefix": "",
            "path": "/",
            "permissions_boundary": "",
            "tags": {
              "Environment": "development",
              "Name": "webhooks-ecs-task-execution-role"
            },
            "tags_all": {
              "Environment": "development",
              "Name": "webhooks-ecs-task-execution-role"
            },
            "unique_id": "AROAQVBCYUZT5GTDBNDQO"
          },
          "sensitive_attributes": [],
          "identity_schema_version": 0,
          "private": "bnVsbA=="
        }
      ]
    },
    {
      "mode": "managed",
      "type": "aws_iam_role",
      "name": "ecs_task_role",
      "provider": "provider[\"registry.terraform.io/hashicorp/aws\"]",
      "instances": [
        {
          "schema_version": 0,
          "attributes": {
            "arn": "arn:aws:iam::045170075239:role/webhooks-ecs-task-role",
            "assume_role_policy": "{\"Statement\":[{\"Action\":\"sts:AssumeRole\",\"Effect\":\"Allow\",\"Principal\":{\"Service\":\"ecs-tasks.amazonaws.com\"}}],\"Version\":\"2012-10-17\"}",
            "create_date": "2025-10-30T18:51:38Z",
            "description": "",
            "force_detach_policies": false,
            "id": "webhooks-ecs-task-role",
            "inline_policy": [],
            "managed_policy_arns": [],
            "max_session_duration": 3600,
            "name": "webhooks-ecs-task-role",
            "name_prefix": "",
            "path": "/",
            "permissions_boundary": "",
            "tags": {
              "Environment": "development",
              "Name": "webhooks-ecs-task-role"
            },
            "tags_all": {
              "Environment": "development",
              "Name": "webhooks-ecs-task-role"
            },
            "unique_id": "AROAQVBCYUZTQAYYEZ6PA"
          },
          "sensitive_attributes": [],
          "identity_schema_version": 0,
          "private": "bnVsbA=="
        }
      ]
    },
    {
      "mode": "managed",
      "type": "aws_iam_role_policy_attachment",
      "name": "ecs_task_execution_role_policy",
      "provider": "provider[\"registry.terraform.io/hashicorp/aws\"]",
      "instances": [
        {
          "schema_version": 0,
          "attributes": {
            "id": "webhooks-ecs-task-execution-role-20251030185139542300000001",
            "policy_arn": "arn:aws:iam::aws:policy/service-role/AmazonECSTaskExecutionRolePolicy",
            "role": "webhooks-ecs-task-execution-role"
          },
          "sensitive_attributes": [],
          "identity_schema_version": 0,
          "private": "bnVsbA==",
          "dependencies": [
            "aws_iam_role.ecs_task_execution_role"
          ]
        }
      ]
    },
    {
      "mode": "managed",
      "type": "aws_lb",
      "name": "main",
      "provider": "provider[\"registry.terraform.io/hashicorp/aws\"]",
      "instances": [
        {
          "schema_version": 0,
          "attributes": {
            "access_logs": [
              {
                "bucket": "",
                "enabled": false,
                "prefix": ""
              }
            ],
            "arn": "arn:aws:elasticloadbalancing:us-east-1:045170075239:loadbalancer/app/webhooks-alb/ba424118a54c39d0",
            "arn_suffix": "app/webhooks-alb/ba424118a54c39d0",
            "client_keep_alive": 3600,
            "connection_logs": [
              {
                "bucket": "",
                "enabled": false,
                "prefix": ""
              }
            ],
            "customer_owned_ipv4_pool": "",
            "desync_mitigation_mode": "defensive",
            "dns_name": "webhooks-alb-1071124223.us-east-1.elb.amazonaws.com",
            "dns_record_client_routing_policy": null,
            "drop_invalid_header_fields": false,
            "enable_cross_zone_load_balancing": true,
            "enable_deletion_protection": false,
            "enable_http2": true,
            "enable_tls_version_and_cipher_suite_headers": false,
            "enable_waf_fail_open": false,
            "enable_xff_client_port": false,
            "enable_zonal_shift": false,
            "enforce_security_group_inbound_rules_on_private_link_traffic": "",
            "id": "arn:aws:elasticloadbalancing:us-east-1:045170075239:loadbalancer/app/webhooks-alb/ba424118a54c39d0",
            "idle_timeout": 60,
            "internal": false,
            "ip_address_type": "ipv4",
            "ipam_pools": [],
            "load_balancer_type": "application",
            "minimum_load_balancer_capacity": [],
            "name": "webhooks-alb",
            "name_prefix": "",
            "preserve_host_header": false,
            "security_groups": [
              "sg-05213a61eca187791"
            ],
            "subnet_mapping": [
              {
                "allocation_id": "",
                "ipv6_address": "",
                "outpost_id": "",
                "private_ipv4_address": "",
                "subnet_id": "subnet-1e93bd7a"
              },
              {
                "allocation_id": "",
                "ipv6_address": "",
                "outpost_id": "",
                "private_ipv4_address": "",
                "subnet_id": "subnet-3600c739"
              },
              {
                "allocation_id": "",
                "ipv6_address": "",
                "outpost_id": "",
                "private_ipv4_address": "",
                "subnet_id": "subnet-420e4a7d"
              },
              {
                "allocation_id": "",
                "ipv6_address": "",
                "outpost_id": "",
                "private_ipv4_address": "",
                "subnet_id": "subnet-7b555230"
              },
              {
                "allocation_id": "",
                "ipv6_address": "",
                "outpost_id": "",
                "private_ipv4_address": "",
                "subnet_id": "subnet-d88ffc85"
              },
              {
                "allocation_id": "",
                "ipv6_address": "",
                "outpost_id": "",
                "private_ipv4_address": "",
                "subnet_id": "subnet-dbd4abf4"
              }
            ],
            "subnets": [
              "subnet-1e93bd7a",
              "subnet-3600c739",
              "subnet-420e4a7d",
              "subnet-7b555230",
              "subnet-d88ffc85",
              "subnet-dbd4abf4"
            ],
            "tags": {
              "Environment": "development",
              "Name": "webhooks-alb"
            },
            "tags_all": {
              "Environment": "development",
              "Name": "webhooks-alb"
            },
            "timeouts": null,
            "vpc_id": "vpc-7f21c204",
            "xff_header_processing_mode": "append",
            "zone_id": "Z35SXDOTRQ7X7K"
          },
          "sensitive_attributes": [],
          "identity_schema_version": 0,
          "private": "eyJlMmJmYjczMC1lY2FhLTExZTYtOGY4OC0zNDM2M2JjN2M0YzAiOnsiY3JlYXRlIjo2MDAwMDAwMDAwMDAsImRlbGV0ZSI6NjAwMDAwMDAwMDAwLCJ1cGRhdGUiOjYwMDAwMDAwMDAwMH19",
          "dependencies": [
            "aws_security_group.alb",
            "data.aws_subnets.default",
            "data.aws_vpc.default"
          ]
        }
      ]
    },
    {
      "mode": "managed",
      "type": "aws_lb_listener",
      "name": "https",
      "provider": "provider[\"registry.terraform.io/hashicorp/aws\"]",
      "instances": [
        {
          "schema_version": 0,
          "attributes": {
            "alpn_policy": null,
            "arn": "arn:aws:elasticloadbalancing:us-east-1:045170075239:listener/app/webhooks-alb/ba424118a54c39d0/42cf32bbbdf6f5a6",
            "certificate_arn": "arn:aws:acm:us-east-1:045170075239:certificate/85744c57-47be-4403-824d-19db1b9360ed",
            "default_action": [
              {
                "authenticate_cognito": [],
                "authenticate_oidc": [],
                "fixed_response": [],
                "forward": [],
                "order": 1,
                "redirect": [],
                "target_group_arn": "arn:aws:elasticloadbalancing:us-east-1:045170075239:targetgroup/webhooks-tg/21ab793a29d8e53c",
                "type": "forward"
              }
            ],
            "id": "arn:aws:elasticloadbalancing:us-east-1:045170075239:listener/app/webhooks-alb/ba424118a54c39d0/42cf32bbbdf6f5a6",
            "load_balancer_arn": "arn:aws:elasticloadbalancing:us-east-1:045170075239:loadbalancer/app/webhooks-alb/ba424118a54c39d0",
            "mutual_authentication": [
              {
                "advertise_trust_store_ca_names": "",
                "ignore_client_certificate_expiry": false,
                "mode": "off",
                "trust_store_arn": ""
              }
            ],
            "port": 443,
            "protocol": "HTTPS",
            "routing_http_request_x_amzn_mtls_clientcert_header_name": "",
            "routing_http_request_x_amzn_mtls_clientcert_issuer_header_name": "",
            "routing_http_request_x_amzn_mtls_clientcert_leaf_header_name": "",
            "routing_http_request_x_amzn_mtls_clientcert_serial_number_header_name": "",
            "routing_http_request_x_amzn_mtls_clientcert_subject_header_name": "",
            "routing_http_request_x_amzn_mtls_clientcert_validity_header_name": "",
            "routing_http_request_x_amzn_tls_cipher_suite_header_name": "",
            "routing_http_request_x_amzn_tls_version_header_name": "",
            "routing_http_response_access_control_allow_credentials_header_value": "",
            "routing_http_response_access_control_allow_headers_header_value": "",
            "routing_http_response_access_control_allow_methods_header_value": "",
            "routing_http_response_access_control_allow_origin_header_value": "",
            "routing_http_response_access_control_expose_headers_header_value": "",
            "routing_http_response_access_control_max_age_header_value": "",
            "routing_http_response_content_security_policy_header_value": "",
            "routing_http_response_server_enabled": true,
            "routing_http_response_strict_transport_security_header_value": "",
            "routing_http_response_x_content_type_options_header_value": "",
            "routing_http_response_x_frame_options_header_value": "",
            "ssl_policy": "ELBSecurityPolicy-TLS-1-2-2017-01",
            "tags": {},
            "tags_all": {},
            "tcp_idle_timeout_seconds": null,
            "timeouts": null
          },
          "sensitive_attributes": [],
          "identity_schema_version": 0,
          "private": "eyJlMmJmYjczMC1lY2FhLTExZTYtOGY4OC0zNDM2M2JjN2M0YzAiOnsiY3JlYXRlIjozMDAwMDAwMDAwMDAsInVwZGF0ZSI6MzAwMDAwMDAwMDAwfX0=",
          "dependencies": [
            "aws_lb.main",
            "aws_lb_target_group.main",
            "aws_security_group.alb",
            "data.aws_subnets.default",
            "data.aws_vpc.default"
          ]
        }
      ]
    },
    {
      "mode": "managed",
      "type": "aws_lb_target_group",
      "name": "main",
      "provider": "provider[\"registry.terraform.io/hashicorp/aws\"]",
      "instances": [
        {
          "schema_version": 0,
          "attributes": {
            "arn": "arn:aws:elasticloadbalancing:us-east-1:045170075239:targetgroup/webhooks-tg/21ab793a29d8e53c",
            "arn_suffix": "targetgroup/webhooks-tg/21ab793a29d8e53c",
            "connection_termination": null,
            "deregistration_delay": "30",
            "health_check": [
              {
                "enabled": true,
                "healthy_threshold": 2,
                "interval": 30,
                "matcher": "200",
                "path": "/",
                "port": "traffic-port",
                "protocol": "HTTP",
                "timeout": 5,
                "unhealthy_threshold": 2
              }
            ],
            "id": "arn:aws:elasticloadbalancing:us-east-1:045170075239:targetgroup/webhooks-tg/21ab793a29d8e53c",
            "ip_address_type": "ipv4",
            "lambda_multi_value_headers_enabled": false,
            "load_balancer_arns": [
              "arn:aws:elasticloadbalancing:us-east-1:045170075239:loadbalancer/app/webhooks-alb/ba424118a54c39d0"
            ],
            "load_balancing_algorithm_type": "round_robin",
            "load_balancing_anomaly_mitigation": "off",
            "load_balancing_cross_zone_enabled": "use_load_balancer_configuration",
            "name": "webhooks-tg",
            "name_prefix": "",
            "port": 80,
            "preserve_client_ip": null,
            "protocol": "HTTP",
            "protocol_version": "HTTP1",
            "proxy_protocol_v2": false,
            "slow_start": 0,
            "stickiness": [
              {
                "cookie_duration": 86400,
                "cookie_name": "",
                "enabled": false,
                "type": "lb_cookie"
              }
            ],
            "tags": {
              "Environment": "development",
              "Name": "webhooks-tg"
            },
            "tags_all": {
              "Environment": "development",
              "Name": "webhooks-tg"
            },
            "target_failover": [
              {
                "on_deregistration": null,
                "on_unhealthy": null
              }
            ],
            "target_group_health": [
              {
                "dns_failover": [
                  {
                    "minimum_healthy_targets_count": "1",
                    "minimum_healthy_targets_percentage": "off"
                  }
                ],
                "unhealthy_state_routing": [
                  {
                    "minimum_healthy_targets_count": 1,
                    "minimum_healthy_targets_percentage": "off"
                  }
                ]
              }
            ],
            "target_health_state": [
              {
                "enable_unhealthy_connection_termination": null,
                "unhealthy_draining_interval": null
              }
            ],
            "target_type": "ip",
            "vpc_id": "vpc-7f21c204"
          },
          "sensitive_attributes": [],
          "identity_schema_version": 0,
          "private": "bnVsbA==",
          "dependencies": [
            "data.aws_vpc.default"
          ]
        }
      ]
    },
    {
      "mode": "managed",
      "type": "aws_security_group",
      "name": "alb",
      "provider": "provider[\"registry.terraform.io/hashicorp/aws\"]",
      "instances": [
        {
          "schema_version": 1,
          "attributes": {
            "arn": "arn:aws:ec2:us-east-1:045170075239:security-group/sg-05213a61eca187791",
            "description": "Security group for Application Load Balancer",
            "egress": [
              {
                "cidr_blocks": [
                  "0.0.0.0/0"
                ],
                "description": "Allow all outbound",
                "from_port": 0,
                "ipv6_cidr_blocks": [],
                "prefix_list_ids": [],
                "protocol": "-1",
                "security_groups": [],
                "self": false,
                "to_port": 0
              }
            ],
            "id": "sg-05213a61eca187791",
            "ingress": [
              {
                "cidr_blocks": [
                  "0.0.0.0/0"
                ],
                "description": "HTTPS from anywhere",
                "from_port": 443,
                "ipv6_cidr_blocks": [],
                "prefix_list_ids": [],
                "protocol": "tcp",
                "security_groups": [],
                "self": false,
                "to_port": 443
              }
            ],
            "name": "webhooks-alb-sg",
            "name_prefix": "",
            "owner_id": "045170075239",
            "revoke_rules_on_delete": false,
            "tags": {
              "Environment": "development",
              "Name": "webhooks-alb-sg"
            },
            "tags_all": {
              "Environment": "development",
              "Name": "webhooks-alb-sg"
            },
            "timeouts": null,
            "vpc_id": "vpc-7f21c204"
          },
          "sensitive_attributes": [],
          "identity_schema_version": 0,
          "private": "eyJlMmJmYjczMC1lY2FhLTExZTYtOGY4OC0zNDM2M2JjN2M0YzAiOnsiY3JlYXRlIjo2MDAwMDAwMDAwMDAsImRlbGV0ZSI6OTAwMDAwMDAwMDAwfSwic2NoZW1hX3ZlcnNpb24iOiIxIn0=",
          "dependencies": [
            "data.aws_vpc.default"
          ]
        }
      ]
    },
    {
      "mode": "managed",
      "type": "aws_security_group",
      "name": "ecs_tasks",
      "provider": "provider[\"registry.terraform.io/hashicorp/aws\"]",
      "instances": [
        {
          "schema_version": 1,
          "attributes": {
            "arn": "arn:aws:ec2:us-east-1:045170075239:security-group/sg-0c9594f84f57c6602",
            "description": "Security group for ECS tasks",
            "egress": [
              {
                "cidr_blocks": [
                  "0.0.0.0/0"
                ],
                "description": "Allow all outbound",
                "from_port": 0,
                "ipv6_cidr_blocks": [],
                "prefix_list_ids": [],
                "protocol": "-1",
                "security_groups": [],
                "self": false,
                "to_port": 0
              }
            ],
            "id": "sg-0c9594f84f57c6602",
            "ingress": [
              {
                "cidr_blocks": [],
                "description": "Allow inbound from ALB",
                "from_port": 80,
                "ipv6_cidr_blocks": [],
                "prefix_list_ids": [],
                "protocol": "tcp",
                "security_groups": [
                  "sg-05213a61eca187791"
                ],
                "self": false,
                "to_port": 80
              }
            ],
            "name": "webhooks-ecs-tasks-sg",
            "name_prefix": "",
            "owner_id": "045170075239",
            "revoke_rules_on_delete": false,
            "tags": {
              "Environment": "development",
              "Name": "webhooks-ecs-tasks-sg"
            },
            "tags_all": {
              "Environment": "development",
              "Name": "webhooks-ecs-tasks-sg"
            },
            "timeouts": null,
            "vpc_id": "vpc-7f21c204"
          },
          "sensitive_attributes": [],
          "identity_schema_version": 0,
          "private": "eyJlMmJmYjczMC1lY2FhLTExZTYtOGY4OC0zNDM2M2JjN2M0YzAiOnsiY3JlYXRlIjo2MDAwMDAwMDAwMDAsImRlbGV0ZSI6OTAwMDAwMDAwMDAwfSwic2NoZW1hX3ZlcnNpb24iOiIxIn0=",
          "dependencies": [
            "aws_security_group.alb",
            "data.aws_vpc.default"
          ]
        }
      ]
    },
    {
      "mode": "managed",
      "type": "docker_image",
      "name": "app",
      "provider": "provider[\"registry.terraform.io/kreuzwerker/docker\"]",
      "instances": [
        {
          "schema_version": 0,
          "attributes": {
            "build": [
              {
                "auth_config": [],
                "build_args": {},
                "build_id": "",
                "build_log_file": "",
                "builder": "",
                "cache_from": [],
                "cgroup_parent": "",
                "context": "../src",
                "cpu_period": 0,
                "cpu_quota": 0,
                "cpu_set_cpus": "",
                "cpu_set_mems": "",
                "cpu_shares": 0,
                "dockerfile": "Dockerfile",
                "extra_hosts": [],
                "force_remove": false,
                "isolation": "",
                "label": {},
                "labels": {},
                "memory": 0,
                "memory_swap": 0,
                "network_mode": "",
                "no_cache": false,
                "platform": "linux/amd64",
                "pull_parent": false,
                "remote_context": "",
                "remove": true,
                "secrets": [],
                "security_opt": [],
                "session_id": "",
                "shm_size": 0,
                "squash": false,
                "suppress_output": false,
                "tag": [],
                "target": "",
                "ulimit": [],
                "version": ""
              }
            ],
            "force_remove": null,
            "id": "sha256:46d0ab931bf5b39c2a02d82da9bafa3d676ade85c8b35cc1a2b2c48f8cc3d611045170075239.dkr.ecr.us-east-1.amazonaws.com/webhooks-repo:latest",
            "image_id": "sha256:46d0ab931bf5b39c2a02d82da9bafa3d676ade85c8b35cc1a2b2c48f8cc3d611",
            "keep_locally": null,
            "name": "045170075239.dkr.ecr.us-east-1.amazonaws.com/webhooks-repo:latest",
            "platform": null,
            "pull_triggers": null,
            "repo_digest": "045170075239.dkr.ecr.us-east-1.amazonaws.com/webhooks-repo@sha256:46d0ab931bf5b39c2a02d82da9bafa3d676ade85c8b35cc1a2b2c48f8cc3d611",
            "timeouts": null,
            "triggers": null
          },
          "sensitive_attributes": [],
          "identity_schema_version": 0,
          "private": "eyJlMmJmYjczMC1lY2FhLTExZTYtOGY4OC0zNDM2M2JjN2M0YzAiOnsiY3JlYXRlIjoxMjAwMDAwMDAwMDAwLCJkZWxldGUiOjEyMDAwMDAwMDAwMDAsInVwZGF0ZSI6MTIwMDAwMDAwMDAwMH19",
          "dependencies": [
            "aws_ecr_repository.main",
            "data.aws_ecr_authorization_token.token"
          ]
        }
      ]
    },
    {
      "mode": "managed",
      "type": "docker_registry_image",
      "name": "app",
      "provider": "provider[\"registry.terraform.io/kreuzwerker/docker\"]",
      "instances": [
        {
          "schema_version": 0,
          "attributes": {
            "auth_config": [],
            "id": "sha256:46d0ab931bf5b39c2a02d82da9bafa3d676ade85c8b35cc1a2b2c48f8cc3d611",
            "insecure_skip_verify": false,
            "keep_remotely": false,
            "name": "045170075239.dkr.ecr.us-east-1.amazonaws.com/webhooks-repo:latest",
            "sha256_digest": "sha256:46d0ab931bf5b39c2a02d82da9bafa3d676ade85c8b35cc1a2b2c48f8cc3d611",
            "triggers": {
              "image_id": "sha256:46d0ab931bf5b39c2a02d82da9bafa3d676ade85c8b35cc1a2b2c48f8cc3d611"
            }
          },
          "sensitive_attributes": [],
          "identity_schema_version": 0,
          "private": "bnVsbA==",
          "dependencies": [
            "aws_ecr_repository.main",
            "data.aws_ecr_authorization_token.token",
            "docker_image.app"
          ]
        }
      ]
    }
  ],
  "check_results": null
}
